
Microsoft Visual Studio Solution File, Format Version 12.00
# Visual Studio Version 16
VisualStudioVersion = 16.0.28803.202
MinimumVisualStudioVersion = 10.0.40219.1
Project("{9A19103F-16F7-4668-BE54-9A1E7A4F7556}") = "RTC.Tests", "RTC.Tests\RTC.Tests.csproj", "{BD816376-727E-427B-B529-A626976165AD}"
EndProject
Project("{9A19103F-16F7-4668-BE54-9A1E7A4F7556}") = "RTC.Geometry", "RTC.Geometry\RTC.Geometry.csproj", "{BA15C605-F851-4116-B7E0-EC3B1641BF5E}"
EndProject
Project("{9A19103F-16F7-4668-BE54-9A1E7A4F7556}") = "RTC.Drawing", "RTC.Drawing\RTC.Drawing.csproj", "{8CB5C09E-07F0-49C7-8A2D-BA0D0088EE02}"
EndProject
Project("{9A19103F-16F7-4668-BE54-9A1E7A4F7556}") = "RTC.Geometry.Objects", "RTC.Geometry.Objects\RTC.Geometry.Objects.csproj", "{EB8FEB91-A810-4F04-9120-4EDE1A0584CF}"
EndProject
Project("{9A19103F-16F7-4668-BE54-9A1E7A4F7556}") = "RTC.RayCast1", "RTC.RayCast1\RTC.RayCast1.csproj", "{A83051C1-E597-42F4-B67C-9003149E5AFC}"
EndProject
Project("{9A19103F-16F7-4668-BE54-9A1E7A4F7556}") = "RTC.RayCast2", "RTC.RayCast2\RTC.RayCast2.csproj", "{602E2627-05E3-4C7C-87D9-CBFAFECED61E}"
EndProject
Project("{9A19103F-16F7-4668-BE54-9A1E7A4F7556}") = "RTC.RayCast3", "RTC.RayCast3\RTC.RayCast3.csproj", "{66E43DA2-9968-448E-A29D-2594E98BDBD6}"
EndProject
Project("{FAE04EC0-301F-11D3-BF4B-00C04F79EFBC}") = "RTC.RayCast4", "RTC.RayCast4\RTC.RayCast4.csproj", "{1B76CC0C-9469-4331-8CD3-310811271658}"
EndProject
Global
	GlobalSection(SolutionConfigurationPlatforms) = preSolution
		Debug|Any CPU = Debug|Any CPU
		Release|Any CPU = Release|Any CPU
	EndGlobalSection
	GlobalSection(ProjectConfigurationPlatforms) = postSolution
		{BD816376-727E-427B-B529-A626976165AD}.Debug|Any CPU.ActiveCfg = Debug|Any CPU
		{BD816376-727E-427B-B529-A626976165AD}.Debug|Any CPU.Build.0 = Debug|Any CPU
		{BD816376-727E-427B-B529-A626976165AD}.Release|Any CPU.ActiveCfg = Release|Any CPU
		{BD816376-727E-427B-B529-A626976165AD}.Release|Any CPU.Build.0 = Release|Any CPU
		{BA15C605-F851-4116-B7E0-EC3B1641BF5E}.Debug|Any CPU.ActiveCfg = Debug|Any CPU
		{BA15C605-F851-4116-B7E0-EC3B1641BF5E}.Debug|Any CPU.Build.0 = Debug|Any CPU
		{BA15C605-F851-4116-B7E0-EC3B1641BF5E}.Release|Any CPU.ActiveCfg = Release|Any CPU
		{BA15C605-F851-4116-B7E0-EC3B1641BF5E}.Release|Any CPU.Build.0 = Release|Any CPU
		{8CB5C09E-07F0-49C7-8A2D-BA0D0088EE02}.Debug|Any CPU.ActiveCfg = Debug|Any CPU
		{8CB5C09E-07F0-49C7-8A2D-BA0D0088EE02}.Debug|Any CPU.Build.0 = Debug|Any CPU
		{8CB5C09E-07F0-49C7-8A2D-BA0D0088EE02}.Release|Any CPU.ActiveCfg = Release|Any CPU
		{8CB5C09E-07F0-49C7-8A2D-BA0D0088EE02}.Release|Any CPU.Build.0 = Release|Any CPU
		{EB8FEB91-A810-4F04-9120-4EDE1A0584CF}.Debug|Any CPU.ActiveCfg = Debug|Any CPU
		{EB8FEB91-A810-4F04-9120-4EDE1A0584CF}.Debug|Any CPU.Build.0 = Debug|Any CPU
		{EB8FEB91-A810-4F04-9120-4EDE1A0584CF}.Release|Any CPU.ActiveCfg = Release|Any CPU
		{EB8FEB91-A810-4F04-9120-4EDE1A0584CF}.Release|Any CPU.Build.0 = Release|Any CPU
		{A83051C1-E597-42F4-B67C-9003149E5AFC}.Debug|Any CPU.ActiveCfg = Debug|Any CPU
		{A83051C1-E597-42F4-B67C-9003149E5AFC}.Debug|Any CPU.Build.0 = Debug|Any CPU
		{A83051C1-E597-42F4-B67C-9003149E5AFC}.Release|Any CPU.ActiveCfg = Release|Any CPU
		{A83051C1-E597-42F4-B67C-9003149E5AFC}.Release|Any CPU.Build.0 = Release|Any CPU
		{602E2627-05E3-4C7C-87D9-CBFAFECED61E}.Debug|Any CPU.ActiveCfg = Debug|Any CPU
		{602E2627-05E3-4C7C-87D9-CBFAFECED61E}.Debug|Any CPU.Build.0 = Debug|Any CPU
		{602E2627-05E3-4C7C-87D9-CBFAFECED61E}.Release|Any CPU.ActiveCfg = Release|Any CPU
		{602E2627-05E3-4C7C-87D9-CBFAFECED61E}.Release|Any CPU.Build.0 = Release|Any CPU
		{66E43DA2-9968-448E-A29D-2594E98BDBD6}.Debug|Any CPU.ActiveCfg = Debug|Any CPU
		{66E43DA2-9968-448E-A29D-2594E98BDBD6}.Debug|Any CPU.Build.0 = Debug|Any CPU
		{66E43DA2-9968-448E-A29D-2594E98BDBD6}.Release|Any CPU.ActiveCfg = Release|Any CPU
		{66E43DA2-9968-448E-A29D-2594E98BDBD6}.Release|Any CPU.Build.0 = Release|Any CPU
		{1B76CC0C-9469-4331-8CD3-310811271658}.Debug|Any CPU.ActiveCfg = Debug|Any CPU
		{1B76CC0C-9469-4331-8CD3-310811271658}.Debug|Any CPU.Build.0 = Debug|Any CPU
		{1B76CC0C-9469-4331-8CD3-310811271658}.Release|Any CPU.ActiveCfg = Release|Any CPU
		{1B76CC0C-9469-4331-8CD3-310811271658}.Release|Any CPU.Build.0 = Release|Any CPU
	EndGlobalSection
	GlobalSection(SolutionProperties) = preSolution
		HideSolutionNode = FALSE
	EndGlobalSection
	GlobalSection(ExtensibilityGlobals) = postSolution
		SolutionGuid = {EE3E67BD-8A04-4B20-88EC-44548131E8E3}
	EndGlobalSection
EndGlobal
